
Microsoft Visual Studio Solution File, Format Version 12.00
# Visual Studio Version 16
VisualStudioVersion = 16.0.30621.155
MinimumVisualStudioVersion = 10.0.40219.1
Project("{9A19103F-16F7-4668-BE54-9A1E7A4F7556}") = "BookStoreApp.Console", "lesson\BookStoreApp.Console.csproj", "{49A371C9-2E1B-45AA-9698-52A6548FD296}"
EndProject
Project("{FAE04EC0-301F-11D3-BF4B-00C04F79EFBC}") = "BookStoreApp.BLL", "BookStoreApp.BLL\BookStoreApp.BLL.csproj", "{356E122D-C12B-4D1D-BCDF-C5E55C5254A6}"
EndProject
Project("{FAE04EC0-301F-11D3-BF4B-00C04F79EFBC}") = "BookStoreApp.DAL", "BookStoreApp.DAL\BookStoreApp.DAL.csproj", "{B52EF6F8-EAA7-4369-86CA-A755E12721EE}"
EndProject
Global
	GlobalSection(SolutionConfigurationPlatforms) = preSolution
		Debug|Any CPU = Debug|Any CPU
		Release|Any CPU = Release|Any CPU
	EndGlobalSection
	GlobalSection(ProjectConfigurationPlatforms) = postSolution
		{49A371C9-2E1B-45AA-9698-52A6548FD296}.Debug|Any CPU.ActiveCfg = Debug|Any CPU
		{49A371C9-2E1B-45AA-9698-52A6548FD296}.Debug|Any CPU.Build.0 = Debug|Any CPU
		{49A371C9-2E1B-45AA-9698-52A6548FD296}.Release|Any CPU.ActiveCfg = Release|Any CPU
		{49A371C9-2E1B-45AA-9698-52A6548FD296}.Release|Any CPU.Build.0 = Release|Any CPU
		{356E122D-C12B-4D1D-BCDF-C5E55C5254A6}.Debug|Any CPU.ActiveCfg = Debug|Any CPU
		{356E122D-C12B-4D1D-BCDF-C5E55C5254A6}.Debug|Any CPU.Build.0 = Debug|Any CPU
		{356E122D-C12B-4D1D-BCDF-C5E55C5254A6}.Release|Any CPU.ActiveCfg = Release|Any CPU
		{356E122D-C12B-4D1D-BCDF-C5E55C5254A6}.Release|Any CPU.Build.0 = Release|Any CPU
		{B52EF6F8-EAA7-4369-86CA-A755E12721EE}.Debug|Any CPU.ActiveCfg = Debug|Any CPU
		{B52EF6F8-EAA7-4369-86CA-A755E12721EE}.Debug|Any CPU.Build.0 = Debug|Any CPU
		{B52EF6F8-EAA7-4369-86CA-A755E12721EE}.Release|Any CPU.ActiveCfg = Release|Any CPU
		{B52EF6F8-EAA7-4369-86CA-A755E12721EE}.Release|Any CPU.Build.0 = Release|Any CPU
	EndGlobalSection
	GlobalSection(SolutionProperties) = preSolution
		HideSolutionNode = FALSE
	EndGlobalSection
	GlobalSection(ExtensibilityGlobals) = postSolution
		SolutionGuid = {813F8379-759A-416E-8EB7-81A9A960C6E4}
	EndGlobalSection
EndGlobal
